# THIS IS AN AUTOGENERATED FILE. DO NOT EDIT THIS FILE DIRECTLY.
# yarn lockfile v1


react-delayed@^0.2.3:
  version "0.2.3"
  resolved "https://registry.yarnpkg.com/react-delayed/-/react-delayed-0.2.3.tgz#6432d2d20c8d3b242e278b4087046fda243d1131"
  integrity sha512-3bd+YlsSS+I3gedANUPQCxhTs1OmCz/rzCLsCY/K3Wju7gS+Qoc7jS14/7w5U2pmpSaSBOUs9qI3iwsMCCDD9g==
